// !$*UTF8*$!
{
	archiveVersion = 1;
	classes = {
	};
	objectVersion = 46;
	objects = {

/* Begin PBXBuildFile section */
		19D3C5971C8ADDE8002F5C90 /* AppDelegate.swift in Sources */ = {isa = PBXBuildFile; fileRef = 19D3C5961C8ADDE8002F5C90 /* AppDelegate.swift */; };
		19D3C5991C8ADDE8002F5C90 /* MasterViewController.swift in Sources */ = {isa = PBXBuildFile; fileRef = 19D3C5981C8ADDE8002F5C90 /* MasterViewController.swift */; };
		19D3C59B1C8ADDE8002F5C90 /* DetailViewController.swift in Sources */ = {isa = PBXBuildFile; fileRef = 19D3C59A1C8ADDE8002F5C90 /* DetailViewController.swift */; };
		19D3C59E1C8ADDE8002F5C90 /* Main.storyboard in Resources */ = {isa = PBXBuildFile; fileRef = 19D3C59C1C8ADDE8002F5C90 /* Main.storyboard */; };
		19D3C5A01C8ADDE8002F5C90 /* Assets.xcassets in Resources */ = {isa = PBXBuildFile; fileRef = 19D3C59F1C8ADDE8002F5C90 /* Assets.xcassets */; };
		19D3C5A31C8ADDE8002F5C90 /* LaunchScreen.storyboard in Resources */ = {isa = PBXBuildFile; fileRef = 19D3C5A11C8ADDE8002F5C90 /* LaunchScreen.storyboard */; };
		19D3C5AE1C8ADDE8002F5C90 /* BanishTests.swift in Sources */ = {isa = PBXBuildFile; fileRef = 19D3C5AD1C8ADDE8002F5C90 /* BanishTests.swift */; };
		19D3C5B91C8ADDE8002F5C90 /* BanishUITests.swift in Sources */ = {isa = PBXBuildFile; fileRef = 19D3C5B81C8ADDE8002F5C90 /* BanishUITests.swift */; };
		19D3C5C71C8C4681002F5C90 /* CoreData.framework in Frameworks */ = {isa = PBXBuildFile; fileRef = 19D3C5C61C8C4681002F5C90 /* CoreData.framework */; };
		19D3C5CC1C8C477A002F5C90 /* DataModel.xcdatamodeld in Sources */ = {isa = PBXBuildFile; fileRef = 19D3C5CA1C8C477A002F5C90 /* DataModel.xcdatamodeld */; };
		19D3C5CF1C8C4CF1002F5C90 /* BanishEntity+CoreDataProperties.swift in Sources */ = {isa = PBXBuildFile; fileRef = 19D3C5CD1C8C4CF1002F5C90 /* BanishEntity+CoreDataProperties.swift */; };
		19D3C5D01C8C4CF1002F5C90 /* BanishEntity.swift in Sources */ = {isa = PBXBuildFile; fileRef = 19D3C5CE1C8C4CF1002F5C90 /* BanishEntity.swift */; };
		19D3C5D31C8C4E90002F5C90 /* BanishImage+CoreDataProperties.swift in Sources */ = {isa = PBXBuildFile; fileRef = 19D3C5D11C8C4E90002F5C90 /* BanishImage+CoreDataProperties.swift */; };
		19D3C5D41C8C4E90002F5C90 /* BanishImage.swift in Sources */ = {isa = PBXBuildFile; fileRef = 19D3C5D21C8C4E90002F5C90 /* BanishImage.swift */; };
		19D3C5D71C8C4F18002F5C90 /* CoreDataGateway.swift in Sources */ = {isa = PBXBuildFile; fileRef = 19D3C5D61C8C4F18002F5C90 /* CoreDataGateway.swift */; };
/* End PBXBuildFile section */

/* Begin PBXContainerItemProxy section */
		19D3C5AA1C8ADDE8002F5C90 /* PBXContainerItemProxy */ = {
			isa = PBXContainerItemProxy;
			containerPortal = 19D3C58B1C8ADDE8002F5C90 /* Project object */;
			proxyType = 1;
			remoteGlobalIDString = 19D3C5921C8ADDE8002F5C90;
			remoteInfo = Banish;
		};
		19D3C5B51C8ADDE8002F5C90 /* PBXContainerItemProxy */ = {
			isa = PBXContainerItemProxy;
			containerPortal = 19D3C58B1C8ADDE8002F5C90 /* Project object */;
			proxyType = 1;
			remoteGlobalIDString = 19D3C5921C8ADDE8002F5C90;
			remoteInfo = Banish;
		};
/* End PBXContainerItemProxy section */

/* Begin PBXFileReference section */
		19D3C5931C8ADDE8002F5C90 /* Banish.app */ = {isa = PBXFileReference; explicitFileType = wrapper.application; includeInIndex = 0; path = Banish.app; sourceTree = BUILT_PRODUCTS_DIR; };
		19D3C5961C8ADDE8002F5C90 /* AppDelegate.swift */ = {isa = PBXFileReference; lastKnownFileType = sourcecode.swift; path = AppDelegate.swift; sourceTree = "<group>"; };
		19D3C5981C8ADDE8002F5C90 /* MasterViewController.swift */ = {isa = PBXFileReference; lastKnownFileType = sourcecode.swift; path = MasterViewController.swift; sourceTree = "<group>"; };
		19D3C59A1C8ADDE8002F5C90 /* DetailViewController.swift */ = {isa = PBXFileReference; lastKnownFileType = sourcecode.swift; path = DetailViewController.swift; sourceTree = "<group>"; };
		19D3C59D1C8ADDE8002F5C90 /* Base */ = {isa = PBXFileReference; lastKnownFileType = file.storyboard; name = Base; path = Base.lproj/Main.storyboard; sourceTree = "<group>"; };
		19D3C59F1C8ADDE8002F5C90 /* Assets.xcassets */ = {isa = PBXFileReference; lastKnownFileType = folder.assetcatalog; path = Assets.xcassets; sourceTree = "<group>"; };
		19D3C5A21C8ADDE8002F5C90 /* Base */ = {isa = PBXFileReference; lastKnownFileType = file.storyboard; name = Base; path = Base.lproj/LaunchScreen.storyboard; sourceTree = "<group>"; };
		19D3C5A41C8ADDE8002F5C90 /* Info.plist */ = {isa = PBXFileReference; lastKnownFileType = text.plist.xml; path = Info.plist; sourceTree = "<group>"; };
		19D3C5A91C8ADDE8002F5C90 /* BanishTests.xctest */ = {isa = PBXFileReference; explicitFileType = wrapper.cfbundle; includeInIndex = 0; path = BanishTests.xctest; sourceTree = BUILT_PRODUCTS_DIR; };
		19D3C5AD1C8ADDE8002F5C90 /* BanishTests.swift */ = {isa = PBXFileReference; lastKnownFileType = sourcecode.swift; path = BanishTests.swift; sourceTree = "<group>"; };
		19D3C5AF1C8ADDE8002F5C90 /* Info.plist */ = {isa = PBXFileReference; lastKnownFileType = text.plist.xml; path = Info.plist; sourceTree = "<group>"; };
		19D3C5B41C8ADDE8002F5C90 /* BanishUITests.xctest */ = {isa = PBXFileReference; explicitFileType = wrapper.cfbundle; includeInIndex = 0; path = BanishUITests.xctest; sourceTree = BUILT_PRODUCTS_DIR; };
		19D3C5B81C8ADDE8002F5C90 /* BanishUITests.swift */ = {isa = PBXFileReference; lastKnownFileType = sourcecode.swift; path = BanishUITests.swift; sourceTree = "<group>"; };
		19D3C5BA1C8ADDE8002F5C90 /* Info.plist */ = {isa = PBXFileReference; lastKnownFileType = text.plist.xml; path = Info.plist; sourceTree = "<group>"; };
		19D3C5C61C8C4681002F5C90 /* CoreData.framework */ = {isa = PBXFileReference; lastKnownFileType = wrapper.framework; name = CoreData.framework; path = System/Library/Frameworks/CoreData.framework; sourceTree = SDKROOT; };
		19D3C5CB1C8C477A002F5C90 /* DataModel.xcdatamodel */ = {isa = PBXFileReference; lastKnownFileType = wrapper.xcdatamodel; path = DataModel.xcdatamodel; sourceTree = "<group>"; };
		19D3C5CD1C8C4CF1002F5C90 /* BanishEntity+CoreDataProperties.swift */ = {isa = PBXFileReference; fileEncoding = 4; lastKnownFileType = sourcecode.swift; path = "BanishEntity+CoreDataProperties.swift"; sourceTree = "<group>"; };
		19D3C5CE1C8C4CF1002F5C90 /* BanishEntity.swift */ = {isa = PBXFileReference; fileEncoding = 4; lastKnownFileType = sourcecode.swift; path = BanishEntity.swift; sourceTree = "<group>"; };
		19D3C5D11C8C4E90002F5C90 /* BanishImage+CoreDataProperties.swift */ = {isa = PBXFileReference; fileEncoding = 4; lastKnownFileType = sourcecode.swift; path = "BanishImage+CoreDataProperties.swift"; sourceTree = "<group>"; };
		19D3C5D21C8C4E90002F5C90 /* BanishImage.swift */ = {isa = PBXFileReference; fileEncoding = 4; lastKnownFileType = sourcecode.swift; path = BanishImage.swift; sourceTree = "<group>"; };
		19D3C5D61C8C4F18002F5C90 /* CoreDataGateway.swift */ = {isa = PBXFileReference; fileEncoding = 4; lastKnownFileType = sourcecode.swift; path = CoreDataGateway.swift; sourceTree = "<group>"; };
/* End PBXFileReference section */

/* Begin PBXFrameworksBuildPhase section */
		19D3C5901C8ADDE8002F5C90 /* Frameworks */ = {
			isa = PBXFrameworksBuildPhase;
			buildActionMask = 2147483647;
			files = (
				19D3C5C71C8C4681002F5C90 /* CoreData.framework in Frameworks */,
			);
			runOnlyForDeploymentPostprocessing = 0;
		};
		19D3C5A61C8ADDE8002F5C90 /* Frameworks */ = {
			isa = PBXFrameworksBuildPhase;
			buildActionMask = 2147483647;
			files = (
			);
			runOnlyForDeploymentPostprocessing = 0;
		};
		19D3C5B11C8ADDE8002F5C90 /* Frameworks */ = {
			isa = PBXFrameworksBuildPhase;
			buildActionMask = 2147483647;
			files = (
			);
			runOnlyForDeploymentPostprocessing = 0;
		};
/* End PBXFrameworksBuildPhase section */

/* Begin PBXGroup section */
		19D3C58A1C8ADDE8002F5C90 = {
			isa = PBXGroup;
			children = (
				19D3C5C61C8C4681002F5C90 /* CoreData.framework */,
				19D3C5951C8ADDE8002F5C90 /* Banish */,
				19D3C5AC1C8ADDE8002F5C90 /* BanishTests */,
				19D3C5B71C8ADDE8002F5C90 /* BanishUITests */,
				19D3C5941C8ADDE8002F5C90 /* Products */,
			);
			sourceTree = "<group>";
		};
		19D3C5941C8ADDE8002F5C90 /* Products */ = {
			isa = PBXGroup;
			children = (
				19D3C5931C8ADDE8002F5C90 /* Banish.app */,
				19D3C5A91C8ADDE8002F5C90 /* BanishTests.xctest */,
				19D3C5B41C8ADDE8002F5C90 /* BanishUITests.xctest */,
			);
			name = Products;
			sourceTree = "<group>";
		};
		19D3C5951C8ADDE8002F5C90 /* Banish */ = {
			isa = PBXGroup;
			children = (
				19D3C5D51C8C4ECD002F5C90 /* interfaceAdapter */,
				19D3C5C81C8C46C7002F5C90 /* model */,
				19D3C5961C8ADDE8002F5C90 /* AppDelegate.swift */,
				19D3C5981C8ADDE8002F5C90 /* MasterViewController.swift */,
				19D3C59A1C8ADDE8002F5C90 /* DetailViewController.swift */,
				19D3C59C1C8ADDE8002F5C90 /* Main.storyboard */,
				19D3C59F1C8ADDE8002F5C90 /* Assets.xcassets */,
				19D3C5A11C8ADDE8002F5C90 /* LaunchScreen.storyboard */,
				19D3C5A41C8ADDE8002F5C90 /* Info.plist */,
			);
			path = Banish;
			sourceTree = "<group>";
		};
		19D3C5AC1C8ADDE8002F5C90 /* BanishTests */ = {
			isa = PBXGroup;
			children = (
				19D3C5AD1C8ADDE8002F5C90 /* BanishTests.swift */,
				19D3C5AF1C8ADDE8002F5C90 /* Info.plist */,
			);
			path = BanishTests;
			sourceTree = "<group>";
		};
		19D3C5B71C8ADDE8002F5C90 /* BanishUITests */ = {
			isa = PBXGroup;
			children = (
				19D3C5B81C8ADDE8002F5C90 /* BanishUITests.swift */,
				19D3C5BA1C8ADDE8002F5C90 /* Info.plist */,
			);
			path = BanishUITests;
			sourceTree = "<group>";
		};
		19D3C5C81C8C46C7002F5C90 /* model */ = {
			isa = PBXGroup;
			children = (
				19D3C5CA1C8C477A002F5C90 /* DataModel.xcdatamodeld */,
				19D3C5CD1C8C4CF1002F5C90 /* BanishEntity+CoreDataProperties.swift */,
				19D3C5CE1C8C4CF1002F5C90 /* BanishEntity.swift */,
				19D3C5D11C8C4E90002F5C90 /* BanishImage+CoreDataProperties.swift */,
				19D3C5D21C8C4E90002F5C90 /* BanishImage.swift */,
			);
			path = model;
			sourceTree = "<group>";
		};
		19D3C5D51C8C4ECD002F5C90 /* interfaceAdapter */ = {
			isa = PBXGroup;
			children = (
				19D3C5D61C8C4F18002F5C90 /* CoreDataGateway.swift */,
			);
			path = interfaceAdapter;
			sourceTree = "<group>";
		};
/* End PBXGroup section */

/* Begin PBXNativeTarget section */
		19D3C5921C8ADDE8002F5C90 /* Banish */ = {
			isa = PBXNativeTarget;
			buildConfigurationList = 19D3C5BD1C8ADDE8002F5C90 /* Build configuration list for PBXNativeTarget "Banish" */;
			buildPhases = (
				19D3C58F1C8ADDE8002F5C90 /* Sources */,
				19D3C5901C8ADDE8002F5C90 /* Frameworks */,
				19D3C5911C8ADDE8002F5C90 /* Resources */,
			);
			buildRules = (
			);
			dependencies = (
			);
			name = Banish;
			productName = Banish;
			productReference = 19D3C5931C8ADDE8002F5C90 /* Banish.app */;
			productType = "com.apple.product-type.application";
		};
		19D3C5A81C8ADDE8002F5C90 /* BanishTests */ = {
			isa = PBXNativeTarget;
			buildConfigurationList = 19D3C5C01C8ADDE8002F5C90 /* Build configuration list for PBXNativeTarget "BanishTests" */;
			buildPhases = (
				19D3C5A51C8ADDE8002F5C90 /* Sources */,
				19D3C5A61C8ADDE8002F5C90 /* Frameworks */,
				19D3C5A71C8ADDE8002F5C90 /* Resources */,
			);
			buildRules = (
			);
			dependencies = (
				19D3C5AB1C8ADDE8002F5C90 /* PBXTargetDependency */,
			);
			name = BanishTests;
			productName = BanishTests;
			productReference = 19D3C5A91C8ADDE8002F5C90 /* BanishTests.xctest */;
			productType = "com.apple.product-type.bundle.unit-test";
		};
		19D3C5B31C8ADDE8002F5C90 /* BanishUITests */ = {
			isa = PBXNativeTarget;
			buildConfigurationList = 19D3C5C31C8ADDE8002F5C90 /* Build configuration list for PBXNativeTarget "BanishUITests" */;
			buildPhases = (
				19D3C5B01C8ADDE8002F5C90 /* Sources */,
				19D3C5B11C8ADDE8002F5C90 /* Frameworks */,
				19D3C5B21C8ADDE8002F5C90 /* Resources */,
			);
			buildRules = (
			);
			dependencies = (
				19D3C5B61C8ADDE8002F5C90 /* PBXTargetDependency */,
			);
			name = BanishUITests;
			productName = BanishUITests;
			productReference = 19D3C5B41C8ADDE8002F5C90 /* BanishUITests.xctest */;
			productType = "com.apple.product-type.bundle.ui-testing";
		};
/* End PBXNativeTarget section */

/* Begin PBXProject section */
		19D3C58B1C8ADDE8002F5C90 /* Project object */ = {
			isa = PBXProject;
			attributes = {
				LastSwiftUpdateCheck = 0720;
				LastUpgradeCheck = 0720;
				ORGANIZATIONNAME = ShuSyuSh;
				TargetAttributes = {
					19D3C5921C8ADDE8002F5C90 = {
						CreatedOnToolsVersion = 7.2;
						DevelopmentTeam = 6323LQ72UG;
					};
					19D3C5A81C8ADDE8002F5C90 = {
						CreatedOnToolsVersion = 7.2;
						TestTargetID = 19D3C5921C8ADDE8002F5C90;
					};
					19D3C5B31C8ADDE8002F5C90 = {
						CreatedOnToolsVersion = 7.2;
						TestTargetID = 19D3C5921C8ADDE8002F5C90;
					};
				};
			};
			buildConfigurationList = 19D3C58E1C8ADDE8002F5C90 /* Build configuration list for PBXProject "Banish" */;
			compatibilityVersion = "Xcode 3.2";
			developmentRegion = English;
			hasScannedForEncodings = 0;
			knownRegions = (
				en,
				Base,
			);
			mainGroup = 19D3C58A1C8ADDE8002F5C90;
			productRefGroup = 19D3C5941C8ADDE8002F5C90 /* Products */;
			projectDirPath = "";
			projectRoot = "";
			targets = (
				19D3C5921C8ADDE8002F5C90 /* Banish */,
				19D3C5A81C8ADDE8002F5C90 /* BanishTests */,
				19D3C5B31C8ADDE8002F5C90 /* BanishUITests */,
			);
		};
/* End PBXProject section */

/* Begin PBXResourcesBuildPhase section */
		19D3C5911C8ADDE8002F5C90 /* Resources */ = {
			isa = PBXResourcesBuildPhase;
			buildActionMask = 2147483647;
			files = (
				19D3C5A31C8ADDE8002F5C90 /* LaunchScreen.storyboard in Resources */,
				19D3C5A01C8ADDE8002F5C90 /* Assets.xcassets in Resources */,
				19D3C59E1C8ADDE8002F5C90 /* Main.storyboard in Resources */,
			);
			runOnlyForDeploymentPostprocessing = 0;
		};
		19D3C5A71C8ADDE8002F5C90 /* Resources */ = {
			isa = PBXResourcesBuildPhase;
			buildActionMask = 2147483647;
			files = (
			);
			runOnlyForDeploymentPostprocessing = 0;
		};
		19D3C5B21C8ADDE8002F5C90 /* Resources */ = {
			isa = PBXResourcesBuildPhase;
			buildActionMask = 2147483647;
			files = (
			);
			runOnlyForDeploymentPostprocessing = 0;
		};
/* End PBXResourcesBuildPhase section */

/* Begin PBXSourcesBuildPhase section */
		19D3C58F1C8ADDE8002F5C90 /* Sources */ = {
			isa = PBXSourcesBuildPhase;
			buildActionMask = 2147483647;
			files = (
				19D3C5D31C8C4E90002F5C90 /* BanishImage+CoreDataProperties.swift in Sources */,
				19D3C5D71C8C4F18002F5C90 /* CoreDataGateway.swift in Sources */,
				19D3C5CF1C8C4CF1002F5C90 /* BanishEntity+CoreDataProperties.swift in Sources */,
				19D3C5CC1C8C477A002F5C90 /* DataModel.xcdatamodeld in Sources */,
				19D3C59B1C8ADDE8002F5C90 /* DetailViewController.swift in Sources */,
				19D3C5D41C8C4E90002F5C90 /* BanishImage.swift in Sources */,
				19D3C5D01C8C4CF1002F5C90 /* BanishEntity.swift in Sources */,
				19D3C5991C8ADDE8002F5C90 /* MasterViewController.swift in Sources */,
				19D3C5971C8ADDE8002F5C90 /* AppDelegate.swift in Sources */,
			);
			runOnlyForDeploymentPostprocessing = 0;
		};
		19D3C5A51C8ADDE8002F5C90 /* Sources */ = {
			isa = PBXSourcesBuildPhase;
			buildActionMask = 2147483647;
			files = (
				19D3C5AE1C8ADDE8002F5C90 /* BanishTests.swift in Sources */,
			);
			runOnlyForDeploymentPostprocessing = 0;
		};
		19D3C5B01C8ADDE8002F5C90 /* Sources */ = {
			isa = PBXSourcesBuildPhase;
			buildActionMask = 2147483647;
			files = (
				19D3C5B91C8ADDE8002F5C90 /* BanishUITests.swift in Sources */,
			);
			runOnlyForDeploymentPostprocessing = 0;
		};
/* End PBXSourcesBuildPhase section */

/* Begin PBXTargetDependency section */
		19D3C5AB1C8ADDE8002F5C90 /* PBXTargetDependency */ = {
			isa = PBXTargetDependency;
			target = 19D3C5921C8ADDE8002F5C90 /* Banish */;
			targetProxy = 19D3C5AA1C8ADDE8002F5C90 /* PBXContainerItemProxy */;
		};
		19D3C5B61C8ADDE8002F5C90 /* PBXTargetDependency */ = {
			isa = PBXTargetDependency;
			target = 19D3C5921C8ADDE8002F5C90 /* Banish */;
			targetProxy = 19D3C5B51C8ADDE8002F5C90 /* PBXContainerItemProxy */;
		};
/* End PBXTargetDependency section */

/* Begin PBXVariantGroup section */
		19D3C59C1C8ADDE8002F5C90 /* Main.storyboard */ = {
			isa = PBXVariantGroup;
			children = (
				19D3C59D1C8ADDE8002F5C90 /* Base */,
			);
			name = Main.storyboard;
			sourceTree = "<group>";
		};
		19D3C5A11C8ADDE8002F5C90 /* LaunchScreen.storyboard */ = {
			isa = PBXVariantGroup;
			children = (
				19D3C5A21C8ADDE8002F5C90 /* Base */,
			);
			name = LaunchScreen.storyboard;
			sourceTree = "<group>";
		};
/* End PBXVariantGroup section */

/* Begin XCBuildConfiguration section */
		19D3C5BB1C8ADDE8002F5C90 /* Debug */ = {
			isa = XCBuildConfiguration;
			buildSettings = {
				ALWAYS_SEARCH_USER_PATHS = NO;
				CLANG_CXX_LANGUAGE_STANDARD = "gnu++0x";
				CLANG_CXX_LIBRARY = "libc++";
				CLANG_ENABLE_MODULES = YES;
				CLANG_ENABLE_OBJC_ARC = YES;
				CLANG_WARN_BOOL_CONVERSION = YES;
				CLANG_WARN_CONSTANT_CONVERSION = YES;
				CLANG_WARN_DIRECT_OBJC_ISA_USAGE = YES_ERROR;
				CLANG_WARN_EMPTY_BODY = YES;
				CLANG_WARN_ENUM_CONVERSION = YES;
				CLANG_WARN_INT_CONVERSION = YES;
				CLANG_WARN_OBJC_ROOT_CLASS = YES_ERROR;
				CLANG_WARN_UNREACHABLE_CODE = YES;
				CLANG_WARN__DUPLICATE_METHOD_MATCH = YES;
				"CODE_SIGN_IDENTITY[sdk=iphoneos*]" = "iPhone Developer";
				COPY_PHASE_STRIP = NO;
				DEBUG_INFORMATION_FORMAT = dwarf;
				ENABLE_STRICT_OBJC_MSGSEND = YES;
				ENABLE_TESTABILITY = YES;
				GCC_C_LANGUAGE_STANDARD = gnu99;
				GCC_DYNAMIC_NO_PIC = NO;
				GCC_NO_COMMON_BLOCKS = YES;
				GCC_OPTIMIZATION_LEVEL = 0;
				GCC_PREPROCESSOR_DEFINITIONS = (
					"DEBUG=1",
					"$(inherited)",
				);
				GCC_WARN_64_TO_32_BIT_CONVERSION = YES;
				GCC_WARN_ABOUT_RETURN_TYPE = YES_ERROR;
				GCC_WARN_UNDECLARED_SELECTOR = YES;
				GCC_WARN_UNINITIALIZED_AUTOS = YES_AGGRESSIVE;
				GCC_WARN_UNUSED_FUNCTION = YES;
				GCC_WARN_UNUSED_VARIABLE = YES;
				IPHONEOS_DEPLOYMENT_TARGET = 9.2;
				MTL_ENABLE_DEBUG_INFO = YES;
				ONLY_ACTIVE_ARCH = YES;
				SDKROOT = iphoneos;
				SWIFT_OPTIMIZATION_LEVEL = "-Onone";
				TARGETED_DEVICE_FAMILY = "1,2";
			};
			name = Debug;
		};
		19D3C5BC1C8ADDE8002F5C90 /* Release */ = {
			isa = XCBuildConfiguration;
			buildSettings = {
				ALWAYS_SEARCH_USER_PATHS = NO;
				CLANG_CXX_LANGUAGE_STANDARD = "gnu++0x";
				CLANG_CXX_LIBRARY = "libc++";
				CLANG_ENABLE_MODULES = YES;
				CLANG_ENABLE_OBJC_ARC = YES;
				CLANG_WARN_BOOL_CONVERSION = YES;
				CLANG_WARN_CONSTANT_CONVERSION = YES;
				CLANG_WARN_DIRECT_OBJC_ISA_USAGE = YES_ERROR;
				CLANG_WARN_EMPTY_BODY = YES;
				CLANG_WARN_ENUM_CONVERSION = YES;
				CLANG_WARN_INT_CONVERSION = YES;
				CLANG_WARN_OBJC_ROOT_CLASS = YES_ERROR;
				CLANG_WARN_UNREACHABLE_CODE = YES;
				CLANG_WARN__DUPLICATE_METHOD_MATCH = YES;
				"CODE_SIGN_IDENTITY[sdk=iphoneos*]" = "iPhone Developer";
				COPY_PHASE_STRIP = NO;
				DEBUG_INFORMATION_FORMAT = "dwarf-with-dsym";
				ENABLE_NS_ASSERTIONS = NO;
				ENABLE_STRICT_OBJC_MSGSEND = YES;
				GCC_C_LANGUAGE_STANDARD = gnu99;
				GCC_NO_COMMON_BLOCKS = YES;
				GCC_WARN_64_TO_32_BIT_CONVERSION = YES;
				GCC_WARN_ABOUT_RETURN_TYPE = YES_ERROR;
				GCC_WARN_UNDECLARED_SELECTOR = YES;
				GCC_WARN_UNINITIALIZED_AUTOS = YES_AGGRESSIVE;
				GCC_WARN_UNUSED_FUNCTION = YES;
				GCC_WARN_UNUSED_VARIABLE = YES;
				IPHONEOS_DEPLOYMENT_TARGET = 9.2;
				MTL_ENABLE_DEBUG_INFO = NO;
				SDKROOT = iphoneos;
				TARGETED_DEVICE_FAMILY = "1,2";
				VALIDATE_PRODUCT = YES;
			};
			name = Release;
		};
		19D3C5BE1C8ADDE8002F5C90 /* Debug */ = {
			isa = XCBuildConfiguration;
			buildSettings = {
				ASSETCATALOG_COMPILER_APPICON_NAME = AppIcon;
				CODE_SIGN_IDENTITY = "iPhone Developer";
				INFOPLIST_FILE = Banish/Info.plist;
				LD_RUNPATH_SEARCH_PATHS = "$(inherited) @executable_path/Frameworks";
				PRODUCT_BUNDLE_IDENTIFIER = jp.shyusyush.ios.Banish;
				PRODUCT_NAME = "$(TARGET_NAME)";
			};
			name = Debug;
		};
		19D3C5BF1C8ADDE8002F5C90 /* Release */ = {
			isa = XCBuildConfiguration;
			buildSettings = {
				ASSETCATALOG_COMPILER_APPICON_NAME = AppIcon;
				CODE_SIGN_IDENTITY = "iPhone Developer";
				INFOPLIST_FILE = Banish/Info.plist;
				LD_RUNPATH_SEARCH_PATHS = "$(inherited) @executable_path/Frameworks";
				PRODUCT_BUNDLE_IDENTIFIER = jp.shyusyush.ios.Banish;
				PRODUCT_NAME = "$(TARGET_NAME)";
			};
			name = Release;
		};
		19D3C5C11C8ADDE8002F5C90 /* Debug */ = {
			isa = XCBuildConfiguration;
			buildSettings = {
				BUNDLE_LOADER = "$(TEST_HOST)";
				INFOPLIST_FILE = BanishTests/Info.plist;
				LD_RUNPATH_SEARCH_PATHS = "$(inherited) @executable_path/Frameworks @loader_path/Frameworks";
				PRODUCT_BUNDLE_IDENTIFIER = jp.shyusyush.ios.BanishTests;
				PRODUCT_NAME = "$(TARGET_NAME)";
				TEST_HOST = "$(BUILT_PRODUCTS_DIR)/Banish.app/Banish";
			};
			name = Debug;
		};
		19D3C5C21C8ADDE8002F5C90 /* Release */ = {
			isa = XCBuildConfiguration;
			buildSettings = {
				BUNDLE_LOADER = "$(TEST_HOST)";
				INFOPLIST_FILE = BanishTests/Info.plist;
				LD_RUNPATH_SEARCH_PATHS = "$(inherited) @executable_path/Frameworks @loader_path/Frameworks";
				PRODUCT_BUNDLE_IDENTIFIER = jp.shyusyush.ios.BanishTests;
				PRODUCT_NAME = "$(TARGET_NAME)";
				TEST_HOST = "$(BUILT_PRODUCTS_DIR)/Banish.app/Banish";
			};
			name = Release;
		};
		19D3C5C41C8ADDE8002F5C90 /* Debug */ = {
			isa = XCBuildConfiguration;
			buildSettings = {
				INFOPLIST_FILE = BanishUITests/Info.plist;
				LD_RUNPATH_SEARCH_PATHS = "$(inherited) @executable_path/Frameworks @loader_path/Frameworks";
				PRODUCT_BUNDLE_IDENTIFIER = jp.shyusyush.ios.BanishUITests;
				PRODUCT_NAME = "$(TARGET_NAME)";
				TEST_TARGET_NAME = Banish;
				USES_XCTRUNNER = YES;
			};
			name = Debug;
		};
		19D3C5C51C8ADDE8002F5C90 /* Release */ = {
			isa = XCBuildConfiguration;
			buildSettings = {
				INFOPLIST_FILE = BanishUITests/Info.plist;
				LD_RUNPATH_SEARCH_PATHS = "$(inherited) @executable_path/Frameworks @loader_path/Frameworks";
				PRODUCT_BUNDLE_IDENTIFIER = jp.shyusyush.ios.BanishUITests;
				PRODUCT_NAME = "$(TARGET_NAME)";
				TEST_TARGET_NAME = Banish;
				USES_XCTRUNNER = YES;
			};
			name = Release;
		};
/* End XCBuildConfiguration section */

/* Begin XCConfigurationList section */
		19D3C58E1C8ADDE8002F5C90 /* Build configuration list for PBXProject "Banish" */ = {
			isa = XCConfigurationList;
			buildConfigurations = (
				19D3C5BB1C8ADDE8002F5C90 /* Debug */,
				19D3C5BC1C8ADDE8002F5C90 /* Release */,
			);
			defaultConfigurationIsVisible = 0;
			defaultConfigurationName = Release;
		};
		19D3C5BD1C8ADDE8002F5C90 /* Build configuration list for PBXNativeTarget "Banish" */ = {
			isa = XCConfigurationList;
			buildConfigurations = (
				19D3C5BE1C8ADDE8002F5C90 /* Debug */,
				19D3C5BF1C8ADDE8002F5C90 /* Release */,
			);
			defaultConfigurationIsVisible = 0;
		};
		19D3C5C01C8ADDE8002F5C90 /* Build configuration list for PBXNativeTarget "BanishTests" */ = {
			isa = XCConfigurationList;
			buildConfigurations = (
				19D3C5C11C8ADDE8002F5C90 /* Debug */,
				19D3C5C21C8ADDE8002F5C90 /* Release */,
			);
			defaultConfigurationIsVisible = 0;
		};
		19D3C5C31C8ADDE8002F5C90 /* Build configuration list for PBXNativeTarget "BanishUITests" */ = {
			isa = XCConfigurationList;
			buildConfigurations = (
				19D3C5C41C8ADDE8002F5C90 /* Debug */,
				19D3C5C51C8ADDE8002F5C90 /* Release */,
			);
			defaultConfigurationIsVisible = 0;
		};
/* End XCConfigurationList section */

/* Begin XCVersionGroup section */
		19D3C5CA1C8C477A002F5C90 /* DataModel.xcdatamodeld */ = {
			isa = XCVersionGroup;
			children = (
				19D3C5CB1C8C477A002F5C90 /* DataModel.xcdatamodel */,
			);
			currentVersion = 19D3C5CB1C8C477A002F5C90 /* DataModel.xcdatamodel */;
			path = DataModel.xcdatamodeld;
			sourceTree = "<group>";
			versionGroupType = wrapper.xcdatamodel;
		};
/* End XCVersionGroup section */
	};
	rootObject = 19D3C58B1C8ADDE8002F5C90 /* Project object */;
}
